appdirs==1.4.4
argcomplete==3.7.2
argh==0.31.3
array-api-compat==1.15.0
asteval==1.0.10
biom_format==2.1.17
biopython==1.83
bitarray==3.11.0
bitstring==4.4.0
cachetools==6.2.6
certifi==2026.7.22
cffi==2.1.1
charset-normalizer==3.5.1
click==8.5.0
cloudpickle==3.1.2
contourpy==1.4.0
cycler==0.12.1
decorator==5.3.1
deprecation==2.1.0
dill==0.4.1
dna_features_viewer==3.1.5
ectyper==2.0.0
fonttools==4.65.0
formulaic==1.2.2
gffutils==0.14
h5py==3.16.0
idna==3.20
iniconfig==2.3.0
interface_meta==2.0.1
intervaltree==3.2.1
joblib==1.6.0
kaptive==3.2.2
kiwisolver==1.5.1
kleborate==3.2.4
llvmlite==0.45.1
lmfit==1.3.4
mash==1.14
matplotlib==3.11.2
midasv3==1.0.1
narwhals==2.26.0
natsort==8.4.0
ncbi-genome-download==0.3.3
networkx==3.6.1
numba==0.62.1
numpy==2.3.5
packaging==26.3
pandas==2.3.3
patsy==1.0.3
pillow==12.3.0
plotly==7.1.0
pluggy==1.6.0
psutil==7.2.2
pybedtools==0.12.1
pycparser==3.0
pyfaidx==0.9.0.4
pyfastx==2.3.1
Pygments==2.21.0
pyparsing==3.3.2
pysam==0.24.1
pytest==9.1.1
python-dateutil==2.9.0.post0
pytz==2026.3.post1
requests==2.34.2
samestr==1.2025.111
scikit-bio==0.7.3
scikit-learn==1.9.1
scipy==1.18.1
screed==1.2.0
seaborn==0.13.2
simplejson==4.1.2
six==1.17.0
sortedcontainers==2.4.0
sourmash==4.9.4
statsmodels==0.15.0
strainge==1.3.9
threadpoolctl==3.7.0
tibs==0.5.7
tqdm==4.70.1
tracs @ git+https://github.com/gtonkinhill/tracs@de9282a64fba8e3d4386ce114e50d55e7fddc440
typing_extensions==4.16.0
tzdata==2026.4
uncertainties==3.2.3
urllib3==2.8.0
wheel==0.48.0
wrapt==2.4.1
